
Microsoft Visual Studio Solution File, Format Version 12.00
# Visual Studio 15
VisualStudioVersion = 15.0.28010.2003
MinimumVisualStudioVersion = 10.0.40219.1
Project("{FAE04EC0-301F-11D3-BF4B-00C04F79EFBC}") = "Demo", "Demo\Demo.csproj", "{88A1BC80-DDFD-49CB-8FFF-9E9ABB59E487}"
EndProject
Project("{FAE04EC0-301F-11D3-BF4B-00C04F79EFBC}") = "Auto", "Auto\Auto.csproj", "{2581A71B-C3C7-4EB0-A0B0-82169FB6F4DA}"
EndProject
Project("{FAE04EC0-301F-11D3-BF4B-00C04F79EFBC}") = "Exception", "Exception\Exception.csproj", "{871FF42A-E3D8-45E8-AA67-D65CB7B441E2}"
EndProject
Global
	GlobalSection(SolutionConfigurationPlatforms) = preSolution
		Debug|Any CPU = Debug|Any CPU
		Release|Any CPU = Release|Any CPU
	EndGlobalSection
	GlobalSection(ProjectConfigurationPlatforms) = postSolution
		{88A1BC80-DDFD-49CB-8FFF-9E9ABB59E487}.Debug|Any CPU.ActiveCfg = Debug|Any CPU
		{88A1BC80-DDFD-49CB-8FFF-9E9ABB59E487}.Debug|Any CPU.Build.0 = Debug|Any CPU
		{88A1BC80-DDFD-49CB-8FFF-9E9ABB59E487}.Release|Any CPU.ActiveCfg = Release|Any CPU
		{88A1BC80-DDFD-49CB-8FFF-9E9ABB59E487}.Release|Any CPU.Build.0 = Release|Any CPU
		{2581A71B-C3C7-4EB0-A0B0-82169FB6F4DA}.Debug|Any CPU.ActiveCfg = Debug|Any CPU
		{2581A71B-C3C7-4EB0-A0B0-82169FB6F4DA}.Debug|Any CPU.Build.0 = Debug|Any CPU
		{2581A71B-C3C7-4EB0-A0B0-82169FB6F4DA}.Release|Any CPU.ActiveCfg = Release|Any CPU
		{2581A71B-C3C7-4EB0-A0B0-82169FB6F4DA}.Release|Any CPU.Build.0 = Release|Any CPU
		{871FF42A-E3D8-45E8-AA67-D65CB7B441E2}.Debug|Any CPU.ActiveCfg = Debug|Any CPU
		{871FF42A-E3D8-45E8-AA67-D65CB7B441E2}.Debug|Any CPU.Build.0 = Debug|Any CPU
		{871FF42A-E3D8-45E8-AA67-D65CB7B441E2}.Release|Any CPU.ActiveCfg = Release|Any CPU
		{871FF42A-E3D8-45E8-AA67-D65CB7B441E2}.Release|Any CPU.Build.0 = Release|Any CPU
	EndGlobalSection
	GlobalSection(SolutionProperties) = preSolution
		HideSolutionNode = FALSE
	EndGlobalSection
	GlobalSection(ExtensibilityGlobals) = postSolution
		SolutionGuid = {FA06370D-F4A1-408B-AE7B-E7267B34B80C}
	EndGlobalSection
EndGlobal
